
Microsoft Visual Studio Solution File, Format Version 12.00
# Visual Studio Version 17
VisualStudioVersion = 17.0.31912.275
MinimumVisualStudioVersion = 10.0.40219.1
Project("{9A19103F-16F7-4668-BE54-9A1E7A4F7556}") = "MinimalAPIExample", "MinimalAPIExample.csproj", "{01485073-058A-4FC1-9982-769EDF66422A}"
EndProject
Project("{9A19103F-16F7-4668-BE54-9A1E7A4F7556}") = "OldAPIExample", "..\OldAPIExample\OldAPIExample.csproj", "{2C4FC9C6-D5E0-4096-A2A4-88CE01396A75}"
EndProject
Project("{FAE04EC0-301F-11D3-BF4B-00C04F79EFBC}") = "PerfomanceTests", "..\PerfomanceTests\PerfomanceTests.csproj", "{D2E1C2D6-A51C-4CD4-9C31-9FA3900B05B0}"
EndProject
Global
	GlobalSection(SolutionConfigurationPlatforms) = preSolution
		Debug|Any CPU = Debug|Any CPU
		Release|Any CPU = Release|Any CPU
	EndGlobalSection
	GlobalSection(ProjectConfigurationPlatforms) = postSolution
		{01485073-058A-4FC1-9982-769EDF66422A}.Debug|Any CPU.ActiveCfg = Debug|Any CPU
		{01485073-058A-4FC1-9982-769EDF66422A}.Debug|Any CPU.Build.0 = Debug|Any CPU
		{01485073-058A-4FC1-9982-769EDF66422A}.Release|Any CPU.ActiveCfg = Release|Any CPU
		{01485073-058A-4FC1-9982-769EDF66422A}.Release|Any CPU.Build.0 = Release|Any CPU
		{2C4FC9C6-D5E0-4096-A2A4-88CE01396A75}.Debug|Any CPU.ActiveCfg = Debug|Any CPU
		{2C4FC9C6-D5E0-4096-A2A4-88CE01396A75}.Debug|Any CPU.Build.0 = Debug|Any CPU
		{2C4FC9C6-D5E0-4096-A2A4-88CE01396A75}.Release|Any CPU.ActiveCfg = Release|Any CPU
		{2C4FC9C6-D5E0-4096-A2A4-88CE01396A75}.Release|Any CPU.Build.0 = Release|Any CPU
		{D2E1C2D6-A51C-4CD4-9C31-9FA3900B05B0}.Debug|Any CPU.ActiveCfg = Debug|Any CPU
		{D2E1C2D6-A51C-4CD4-9C31-9FA3900B05B0}.Debug|Any CPU.Build.0 = Debug|Any CPU
		{D2E1C2D6-A51C-4CD4-9C31-9FA3900B05B0}.Release|Any CPU.ActiveCfg = Release|Any CPU
		{D2E1C2D6-A51C-4CD4-9C31-9FA3900B05B0}.Release|Any CPU.Build.0 = Release|Any CPU
	EndGlobalSection
	GlobalSection(SolutionProperties) = preSolution
		HideSolutionNode = FALSE
	EndGlobalSection
	GlobalSection(ExtensibilityGlobals) = postSolution
		SolutionGuid = {4BDD1B1F-2783-4DEE-86BE-B83039851F88}
	EndGlobalSection
EndGlobal
